{
  "nodes": {
    "emacs-overlay": {
      "inputs": {
        "flake-utils": "flake-utils",
        "nixpkgs": "nixpkgs"
      },
      "locked": {
        "lastModified": 1664620675,
        "narHash": "sha256-gM+I6bVR90Lwz1srnzPcXmnjxMr/+mX+x8UKNFGyIUM=",
        "owner": "nix-community",
        "repo": "emacs-overlay",
        "rev": "9e18e2e8a995b88159e36dfd10ceca902a756225",
        "type": "github"
      },
      "original": {
        "owner": "nix-community",
        "repo": "emacs-overlay",
        "type": "github"
      }
    },
    "flake-utils": {
      "locked": {
        "lastModified": 1659877975,
        "narHash": "sha256-zllb8aq3YO3h8B/U0/J1WBgAL8EX5yWf5pMj3G0NAmc=",
        "owner": "numtide",
        "repo": "flake-utils",
        "rev": "c0e246b9b83f637f4681389ecabcb2681b4f3af0",
        "type": "github"
      },
      "original": {
        "owner": "numtide",
        "repo": "flake-utils",
        "type": "github"
      }
    },
    "home-manager": {
      "inputs": {
        "nixpkgs": [
          "nixpkgs"
        ],
        "utils": "utils"
      },
      "locked": {
        "lastModified": 1664783440,
        "narHash": "sha256-KlMwR7mUf5h8MPnzV7nGFUAt6ih/euW5xgvZ5x+hwvI=",
        "owner": "nix-community",
        "repo": "home-manager",
        "rev": "e4e639dd4dc3e431aa5b5f95325f9a66ac7e0dd9",
        "type": "github"
      },
      "original": {
        "owner": "nix-community",
        "repo": "home-manager",
        "type": "github"
      }
    },
    "hyprland": {
      "inputs": {
        "nixpkgs": [
          "nixpkgs"
        ],
        "wlroots": "wlroots"
      },
      "locked": {
        "lastModified": 1664962307,
        "narHash": "sha256-Zssb644AA5dPVP+5KBgfkjPDZoSkLDqWedXgxmUKPxw=",
        "owner": "vaxerski",
        "repo": "Hyprland",
        "rev": "0e4a894edb44f4fedfca597f41889d3668b36b17",
        "type": "github"
      },
      "original": {
        "owner": "vaxerski",
        "repo": "Hyprland",
        "type": "github"
      }
    },
    "nixpkgs": {
      "locked": {
        "lastModified": 1664106353,
        "narHash": "sha256-HMJP80+DSxFySpWyuxz5+iNozS3+dVt0b4n6YMIU5/8=",
        "path": "/nix/store/v6n6zyrgpscm32g3v71zjx7x7dsmrszi-source",
        "rev": "79d3ca08920364759c63fd3eb562e99c0c17044a",
        "type": "path"
      },
      "original": {
        "id": "nixpkgs",
        "type": "indirect"
      }
    },
    "nixpkgs_2": {
      "locked": {
        "lastModified": 1664780719,
        "narHash": "sha256-Oxe6la5dSqRfJogjtY4sRzJjDDqvroJIVkcGEOT87MA=",
        "owner": "NixOS",
        "repo": "nixpkgs",
        "rev": "fd54651f5ffb4a36e8463e0c327a78442b26cbe7",
        "type": "github"
      },
      "original": {
        "owner": "NixOS",
        "ref": "nixos-unstable",
        "repo": "nixpkgs",
        "type": "github"
      }
    },
    "root": {
      "inputs": {
        "emacs-overlay": "emacs-overlay",
        "home-manager": "home-manager",
        "hyprland": "hyprland",
        "nixpkgs": "nixpkgs_2"
      }
    },
    "utils": {
      "locked": {
        "lastModified": 1659877975,
        "narHash": "sha256-zllb8aq3YO3h8B/U0/J1WBgAL8EX5yWf5pMj3G0NAmc=",
        "owner": "numtide",
        "repo": "flake-utils",
        "rev": "c0e246b9b83f637f4681389ecabcb2681b4f3af0",
        "type": "github"
      },
      "original": {
        "owner": "numtide",
        "repo": "flake-utils",
        "type": "github"
      }
    },
    "wlroots": {
      "flake": false,
      "locked": {
        "host": "gitlab.freedesktop.org",
        "lastModified": 1664816798,
        "narHash": "sha256-oLJyFT1Fc4UNNaDSN+EYUAWL4CufCBpuS5AV4Z4XANo=",
        "owner": "wlroots",
        "repo": "wlroots",
        "rev": "50cc1ef4d3791d86854dd83c15fff17e5ea1a5b6",
        "type": "gitlab"
      },
      "original": {
        "host": "gitlab.freedesktop.org",
        "owner": "wlroots",
        "repo": "wlroots",
        "type": "gitlab"
      }
    }
  },
  "root": "root",
  "version": 7
}
